
Microsoft Visual Studio Solution File, Format Version 12.00
# Visual Studio Version 17
VisualStudioVersion = 17.6.33815.320
MinimumVisualStudioVersion = 10.0.40219.1
Project("{2150E333-8FDC-42A3-9474-1A3956D46DE8}") = "src", "src", "{095FA803-BD11-4BC9-B458-319B8E920EE9}"
EndProject
Project("{2150E333-8FDC-42A3-9474-1A3956D46DE8}") = "Building Blocks", "Building Blocks", "{252D90CA-0412-4B7C-BC14-45928A6921F4}"
EndProject
Project("{2150E333-8FDC-42A3-9474-1A3956D46DE8}") = "Servicos", "Servicos", "{5C9131CB-618B-428D-BE13-821C083FFED9}"
EndProject
Project("{2150E333-8FDC-42A3-9474-1A3956D46DE8}") = "Web", "Web", "{45E4D95D-DF9A-4ACA-BDB3-13E63EB86494}"
EndProject
Project("{2150E333-8FDC-42A3-9474-1A3956D46DE8}") = "Identidade", "Identidade", "{A4554BAD-B261-4559-A716-70976DEA9EB0}"
EndProject
Project("{9A19103F-16F7-4668-BE54-9A1E7A4F7556}") = "KBM.Identidade.API", "src\Servicos\KBM.Identidade.API\KBM.Identidade.API.csproj", "{4A25C073-F0F6-409A-AB6B-8B024D5424DD}"
EndProject
Project("{2150E333-8FDC-42A3-9474-1A3956D46DE8}") = "MVC", "MVC", "{F19E16A2-FBF2-42B5-863B-2B696D607BB4}"
EndProject
Project("{FAE04EC0-301F-11D3-BF4B-00C04F79EFBC}") = "KBM.WebApp.MVC", "src\Web\KBM.WebApp.MVC\KBM.WebApp.MVC.csproj", "{E5357339-C534-481A-9278-1E2945F19E72}"
EndProject
Project("{2150E333-8FDC-42A3-9474-1A3956D46DE8}") = "Core", "Core", "{3D578FBB-2E8A-491B-B0BF-E4F89C1D0216}"
EndProject
Project("{FAE04EC0-301F-11D3-BF4B-00C04F79EFBC}") = "KBM.Core", "src\Building Blocks\KBM.Core\KBM.Core.csproj", "{92C773FF-F716-47A8-B3A6-4E0384CB305F}"
EndProject
Project("{2150E333-8FDC-42A3-9474-1A3956D46DE8}") = "Carrinho", "Carrinho", "{202CC672-A814-41D1-81AF-26146CBD9003}"
EndProject
Project("{FAE04EC0-301F-11D3-BF4B-00C04F79EFBC}") = "KBM.Carrinho.API", "src\Servicos\KBM.Carrinho.API\KBM.Carrinho.API.csproj", "{439CA68C-AC76-4B82-9382-9B0BB12EBD6F}"
EndProject
Project("{FAE04EC0-301F-11D3-BF4B-00C04F79EFBC}") = "KBM.Catalogo.API", "src\Servicos\KBM.Catalogo.API\KBM.Catalogo.API.csproj", "{9CD8355C-96CB-4303-A812-A71B4A0A5883}"
EndProject
Project("{2150E333-8FDC-42A3-9474-1A3956D46DE8}") = "Catalogo", "Catalogo", "{663F4F14-F575-4DE9-9D32-B518B92285F3}"
EndProject
Project("{2150E333-8FDC-42A3-9474-1A3956D46DE8}") = "Cliente", "Cliente", "{B4B85AE4-7317-4E3E-A8D9-4F8B26331D47}"
EndProject
Project("{FAE04EC0-301F-11D3-BF4B-00C04F79EFBC}") = "KBM.Cliente.API", "src\Servicos\KBM.Cliente.API\KBM.Cliente.API.csproj", "{2ADEAD39-E06F-4A9A-8CAE-11BB6F50EE18}"
EndProject
Project("{2150E333-8FDC-42A3-9474-1A3956D46DE8}") = "Pagamento", "Pagamento", "{F8884074-31F8-4305-A749-26BBA40B51E4}"
EndProject
Project("{FAE04EC0-301F-11D3-BF4B-00C04F79EFBC}") = "KBM.Pagamento.API", "src\Servicos\KBM.Pagamento.API\KBM.Pagamento.API.csproj", "{428FF2D8-64EC-4C38-AF7B-0440C0EB0AE6}"
EndProject
Project("{2150E333-8FDC-42A3-9474-1A3956D46DE8}") = "Pedido", "Pedido", "{8320212B-04F9-4B7D-A4A0-99024BE7623A}"
EndProject
Project("{FAE04EC0-301F-11D3-BF4B-00C04F79EFBC}") = "KBM.Pedido.API", "src\Servicos\KBM.Pedido.API\KBM.Pedido.API.csproj", "{3F4808B0-F22D-415B-9FEE-7E97A5BEAE9D}"
EndProject
Global
	GlobalSection(SolutionConfigurationPlatforms) = preSolution
		Debug|Any CPU = Debug|Any CPU
		Release|Any CPU = Release|Any CPU
	EndGlobalSection
	GlobalSection(ProjectConfigurationPlatforms) = postSolution
		{4A25C073-F0F6-409A-AB6B-8B024D5424DD}.Debug|Any CPU.ActiveCfg = Debug|Any CPU
		{4A25C073-F0F6-409A-AB6B-8B024D5424DD}.Debug|Any CPU.Build.0 = Debug|Any CPU
		{4A25C073-F0F6-409A-AB6B-8B024D5424DD}.Release|Any CPU.ActiveCfg = Release|Any CPU
		{4A25C073-F0F6-409A-AB6B-8B024D5424DD}.Release|Any CPU.Build.0 = Release|Any CPU
		{E5357339-C534-481A-9278-1E2945F19E72}.Debug|Any CPU.ActiveCfg = Debug|Any CPU
		{E5357339-C534-481A-9278-1E2945F19E72}.Debug|Any CPU.Build.0 = Debug|Any CPU
		{E5357339-C534-481A-9278-1E2945F19E72}.Release|Any CPU.ActiveCfg = Release|Any CPU
		{E5357339-C534-481A-9278-1E2945F19E72}.Release|Any CPU.Build.0 = Release|Any CPU
		{92C773FF-F716-47A8-B3A6-4E0384CB305F}.Debug|Any CPU.ActiveCfg = Debug|Any CPU
		{92C773FF-F716-47A8-B3A6-4E0384CB305F}.Debug|Any CPU.Build.0 = Debug|Any CPU
		{92C773FF-F716-47A8-B3A6-4E0384CB305F}.Release|Any CPU.ActiveCfg = Release|Any CPU
		{92C773FF-F716-47A8-B3A6-4E0384CB305F}.Release|Any CPU.Build.0 = Release|Any CPU
		{439CA68C-AC76-4B82-9382-9B0BB12EBD6F}.Debug|Any CPU.ActiveCfg = Debug|Any CPU
		{439CA68C-AC76-4B82-9382-9B0BB12EBD6F}.Debug|Any CPU.Build.0 = Debug|Any CPU
		{439CA68C-AC76-4B82-9382-9B0BB12EBD6F}.Release|Any CPU.ActiveCfg = Release|Any CPU
		{439CA68C-AC76-4B82-9382-9B0BB12EBD6F}.Release|Any CPU.Build.0 = Release|Any CPU
		{9CD8355C-96CB-4303-A812-A71B4A0A5883}.Debug|Any CPU.ActiveCfg = Debug|Any CPU
		{9CD8355C-96CB-4303-A812-A71B4A0A5883}.Debug|Any CPU.Build.0 = Debug|Any CPU
		{9CD8355C-96CB-4303-A812-A71B4A0A5883}.Release|Any CPU.ActiveCfg = Release|Any CPU
		{9CD8355C-96CB-4303-A812-A71B4A0A5883}.Release|Any CPU.Build.0 = Release|Any CPU
		{2ADEAD39-E06F-4A9A-8CAE-11BB6F50EE18}.Debug|Any CPU.ActiveCfg = Debug|Any CPU
		{2ADEAD39-E06F-4A9A-8CAE-11BB6F50EE18}.Debug|Any CPU.Build.0 = Debug|Any CPU
		{2ADEAD39-E06F-4A9A-8CAE-11BB6F50EE18}.Release|Any CPU.ActiveCfg = Release|Any CPU
		{2ADEAD39-E06F-4A9A-8CAE-11BB6F50EE18}.Release|Any CPU.Build.0 = Release|Any CPU
		{428FF2D8-64EC-4C38-AF7B-0440C0EB0AE6}.Debug|Any CPU.ActiveCfg = Debug|Any CPU
		{428FF2D8-64EC-4C38-AF7B-0440C0EB0AE6}.Debug|Any CPU.Build.0 = Debug|Any CPU
		{428FF2D8-64EC-4C38-AF7B-0440C0EB0AE6}.Release|Any CPU.ActiveCfg = Release|Any CPU
		{428FF2D8-64EC-4C38-AF7B-0440C0EB0AE6}.Release|Any CPU.Build.0 = Release|Any CPU
		{3F4808B0-F22D-415B-9FEE-7E97A5BEAE9D}.Debug|Any CPU.ActiveCfg = Debug|Any CPU
		{3F4808B0-F22D-415B-9FEE-7E97A5BEAE9D}.Debug|Any CPU.Build.0 = Debug|Any CPU
		{3F4808B0-F22D-415B-9FEE-7E97A5BEAE9D}.Release|Any CPU.ActiveCfg = Release|Any CPU
		{3F4808B0-F22D-415B-9FEE-7E97A5BEAE9D}.Release|Any CPU.Build.0 = Release|Any CPU
	EndGlobalSection
	GlobalSection(SolutionProperties) = preSolution
		HideSolutionNode = FALSE
	EndGlobalSection
	GlobalSection(NestedProjects) = preSolution
		{252D90CA-0412-4B7C-BC14-45928A6921F4} = {095FA803-BD11-4BC9-B458-319B8E920EE9}
		{5C9131CB-618B-428D-BE13-821C083FFED9} = {095FA803-BD11-4BC9-B458-319B8E920EE9}
		{45E4D95D-DF9A-4ACA-BDB3-13E63EB86494} = {095FA803-BD11-4BC9-B458-319B8E920EE9}
		{A4554BAD-B261-4559-A716-70976DEA9EB0} = {5C9131CB-618B-428D-BE13-821C083FFED9}
		{4A25C073-F0F6-409A-AB6B-8B024D5424DD} = {A4554BAD-B261-4559-A716-70976DEA9EB0}
		{F19E16A2-FBF2-42B5-863B-2B696D607BB4} = {45E4D95D-DF9A-4ACA-BDB3-13E63EB86494}
		{E5357339-C534-481A-9278-1E2945F19E72} = {F19E16A2-FBF2-42B5-863B-2B696D607BB4}
		{3D578FBB-2E8A-491B-B0BF-E4F89C1D0216} = {252D90CA-0412-4B7C-BC14-45928A6921F4}
		{92C773FF-F716-47A8-B3A6-4E0384CB305F} = {3D578FBB-2E8A-491B-B0BF-E4F89C1D0216}
		{202CC672-A814-41D1-81AF-26146CBD9003} = {5C9131CB-618B-428D-BE13-821C083FFED9}
		{439CA68C-AC76-4B82-9382-9B0BB12EBD6F} = {202CC672-A814-41D1-81AF-26146CBD9003}
		{9CD8355C-96CB-4303-A812-A71B4A0A5883} = {663F4F14-F575-4DE9-9D32-B518B92285F3}
		{663F4F14-F575-4DE9-9D32-B518B92285F3} = {5C9131CB-618B-428D-BE13-821C083FFED9}
		{B4B85AE4-7317-4E3E-A8D9-4F8B26331D47} = {5C9131CB-618B-428D-BE13-821C083FFED9}
		{2ADEAD39-E06F-4A9A-8CAE-11BB6F50EE18} = {B4B85AE4-7317-4E3E-A8D9-4F8B26331D47}
		{F8884074-31F8-4305-A749-26BBA40B51E4} = {5C9131CB-618B-428D-BE13-821C083FFED9}
		{428FF2D8-64EC-4C38-AF7B-0440C0EB0AE6} = {F8884074-31F8-4305-A749-26BBA40B51E4}
		{8320212B-04F9-4B7D-A4A0-99024BE7623A} = {5C9131CB-618B-428D-BE13-821C083FFED9}
		{3F4808B0-F22D-415B-9FEE-7E97A5BEAE9D} = {8320212B-04F9-4B7D-A4A0-99024BE7623A}
	EndGlobalSection
	GlobalSection(ExtensibilityGlobals) = postSolution
		SolutionGuid = {2F18EF24-5EF1-4726-9441-541BE1DFCEAB}
	EndGlobalSection
EndGlobal
