
Microsoft Visual Studio Solution File, Format Version 12.00
# Visual Studio Version 17
VisualStudioVersion = 17.6.33815.320
MinimumVisualStudioVersion = 10.0.40219.1
Project("{9A19103F-16F7-4668-BE54-9A1E7A4F7556}") = "KBM.Identidade.API", "KBM.Identidade.API\KBM.Identidade.API.csproj", "{C2DF2E55-5737-4AFB-A628-5DABED848873}"
EndProject
Project("{2150E333-8FDC-42A3-9474-1A3956D46DE8}") = "src", "src", "{C0611008-B3CF-42B1-A169-EB23448228E6}"
EndProject
Project("{2150E333-8FDC-42A3-9474-1A3956D46DE8}") = "Services", "Services", "{D98330BD-B1DD-4A0C-9C59-F2D48E1417E5}"
EndProject
Project("{2150E333-8FDC-42A3-9474-1A3956D46DE8}") = "Identidade", "Identidade", "{2DEA19E6-B5C7-4BF7-91DB-64A0135F1AB0}"
EndProject
Project("{2150E333-8FDC-42A3-9474-1A3956D46DE8}") = "Building Blocks", "Building Blocks", "{4E4EAF28-61E2-4648-94DC-46CEBFB47041}"
EndProject
Project("{2150E333-8FDC-42A3-9474-1A3956D46DE8}") = "Services", "Services", "{CA10116E-62C2-4C52-945F-B27728FE5C8E}"
EndProject
Project("{9A19103F-16F7-4668-BE54-9A1E7A4F7556}") = "KBM.WebAPI.Core", "KBM.WebAPI.Core\KBM.WebAPI.Core.csproj", "{2F765163-7092-452B-9D27-1575267A9DE8}"
EndProject
Project("{2150E333-8FDC-42A3-9474-1A3956D46DE8}") = "Web", "Web", "{B5010214-163F-4BBC-91DE-87C4F6063F46}"
EndProject
Project("{FAE04EC0-301F-11D3-BF4B-00C04F79EFBC}") = "KBM.WebApp", "KBM.WebApp\KBM.WebApp.csproj", "{1D777ECF-1B88-4861-BF88-7A8A054D5A80}"
EndProject
Global
	GlobalSection(SolutionConfigurationPlatforms) = preSolution
		Debug|Any CPU = Debug|Any CPU
		Release|Any CPU = Release|Any CPU
	EndGlobalSection
	GlobalSection(ProjectConfigurationPlatforms) = postSolution
		{C2DF2E55-5737-4AFB-A628-5DABED848873}.Debug|Any CPU.ActiveCfg = Debug|Any CPU
		{C2DF2E55-5737-4AFB-A628-5DABED848873}.Debug|Any CPU.Build.0 = Debug|Any CPU
		{C2DF2E55-5737-4AFB-A628-5DABED848873}.Release|Any CPU.ActiveCfg = Release|Any CPU
		{C2DF2E55-5737-4AFB-A628-5DABED848873}.Release|Any CPU.Build.0 = Release|Any CPU
		{2F765163-7092-452B-9D27-1575267A9DE8}.Debug|Any CPU.ActiveCfg = Debug|Any CPU
		{2F765163-7092-452B-9D27-1575267A9DE8}.Debug|Any CPU.Build.0 = Debug|Any CPU
		{2F765163-7092-452B-9D27-1575267A9DE8}.Release|Any CPU.ActiveCfg = Release|Any CPU
		{2F765163-7092-452B-9D27-1575267A9DE8}.Release|Any CPU.Build.0 = Release|Any CPU
		{1D777ECF-1B88-4861-BF88-7A8A054D5A80}.Debug|Any CPU.ActiveCfg = Debug|Any CPU
		{1D777ECF-1B88-4861-BF88-7A8A054D5A80}.Debug|Any CPU.Build.0 = Debug|Any CPU
		{1D777ECF-1B88-4861-BF88-7A8A054D5A80}.Release|Any CPU.ActiveCfg = Release|Any CPU
		{1D777ECF-1B88-4861-BF88-7A8A054D5A80}.Release|Any CPU.Build.0 = Release|Any CPU
	EndGlobalSection
	GlobalSection(SolutionProperties) = preSolution
		HideSolutionNode = FALSE
	EndGlobalSection
	GlobalSection(NestedProjects) = preSolution
		{C2DF2E55-5737-4AFB-A628-5DABED848873} = {2DEA19E6-B5C7-4BF7-91DB-64A0135F1AB0}
		{D98330BD-B1DD-4A0C-9C59-F2D48E1417E5} = {C0611008-B3CF-42B1-A169-EB23448228E6}
		{2DEA19E6-B5C7-4BF7-91DB-64A0135F1AB0} = {D98330BD-B1DD-4A0C-9C59-F2D48E1417E5}
		{4E4EAF28-61E2-4648-94DC-46CEBFB47041} = {C0611008-B3CF-42B1-A169-EB23448228E6}
		{CA10116E-62C2-4C52-945F-B27728FE5C8E} = {4E4EAF28-61E2-4648-94DC-46CEBFB47041}
		{2F765163-7092-452B-9D27-1575267A9DE8} = {CA10116E-62C2-4C52-945F-B27728FE5C8E}
		{B5010214-163F-4BBC-91DE-87C4F6063F46} = {C0611008-B3CF-42B1-A169-EB23448228E6}
		{1D777ECF-1B88-4861-BF88-7A8A054D5A80} = {B5010214-163F-4BBC-91DE-87C4F6063F46}
	EndGlobalSection
	GlobalSection(ExtensibilityGlobals) = postSolution
		SolutionGuid = {E44DC16B-5028-48B8-BBE2-BDB8BFD818F3}
	EndGlobalSection
EndGlobal
